<?xml version="1.0" encoding="utf-8"?>
<Project ToolsVersion="17.0" xmlns="http://schemas.microsoft.com/developer/msbuild/2003">
  <ItemGroup>
    <CustomBuild Include="C:\Programming\My C++ Projects\Brick-Stacker-OpenGL\dependancies\lib\glfw\CMakeFiles\ffe2958a0583edf6a4106412177e839e\update_mappings.rule">
      <Filter>CMake Rules</Filter>
    </CustomBuild>
    <CustomBuild Include="C:\Programming\My C++ Projects\Brick-Stacker-OpenGL\vendor\glfw\src\CMakeLists.txt" />
  </ItemGroup>
  <ItemGroup>
    <None Include="C:\Programming\My C++ Projects\Brick-Stacker-OpenGL\vendor\glfw\src\mappings.h.in">
      <Filter>Header Files</Filter>
    </None>
    <None Include="C:\Programming\My C++ Projects\Brick-Stacker-OpenGL\vendor\glfw\CMake\GenerateMappings.cmake" />
    <None Include="C:\Programming\My C++ Projects\Brick-Stacker-OpenGL\dependancies\lib\glfw\src\CMakeFiles\update_mappings" />
  </ItemGroup>
  <ItemGroup>
    <Filter Include="CMake Rules">
      <UniqueIdentifier>{EE9B1067-7447-3C66-8D95-F55A8DD13088}</UniqueIdentifier>
    </Filter>
    <Filter Include="Header Files">
      <UniqueIdentifier>{FCD42B90-DA53-359F-A35E-080B79C626B8}</UniqueIdentifier>
    </Filter>
  </ItemGroup>
</Project>
